
Microsoft Visual Studio Solution File, Format Version 12.00
# Visual Studio Version 17
VisualStudioVersion = 17.13.35825.156 d17.13
MinimumVisualStudioVersion = 10.0.40219.1
Project("{FAE04EC0-301F-11D3-BF4B-00C04F79EFBC}") = "Class Work", "Class Work\Class Work.csproj", "{82557061-16C1-41EC-8E87-3C37C677C917}"
EndProject
Global
	GlobalSection(SolutionConfigurationPlatforms) = preSolution
		Debug|Any CPU = Debug|Any CPU
		Release|Any CPU = Release|Any CPU
	EndGlobalSection
	GlobalSection(ProjectConfigurationPlatforms) = postSolution
		{82557061-16C1-41EC-8E87-3C37C677C917}.Debug|Any CPU.ActiveCfg = Debug|Any CPU
		{82557061-16C1-41EC-8E87-3C37C677C917}.Debug|Any CPU.Build.0 = Debug|Any CPU
		{82557061-16C1-41EC-8E87-3C37C677C917}.Release|Any CPU.ActiveCfg = Release|Any CPU
		{82557061-16C1-41EC-8E87-3C37C677C917}.Release|Any CPU.Build.0 = Release|Any CPU
	EndGlobalSection
	GlobalSection(SolutionProperties) = preSolution
		HideSolutionNode = FALSE
	EndGlobalSection
	GlobalSection(ExtensibilityGlobals) = postSolution
		SolutionGuid = {64B293EB-7996-433F-9200-5D1D693BC6AA}
	EndGlobalSection
EndGlobal
